// !$*UTF8*$!
{
	archiveVersion = 1;
	classes = {
	};
	objectVersion = 56;
	objects = {

/* Begin PBXBuildFile section */
		434F222D2A50239800C9C09B /* AppDelegate.swift in Sources */ = {isa = PBXBuildFile; fileRef = 434F222C2A50239800C9C09B /* AppDelegate.swift */; };
		434F222F2A50239800C9C09B /* SceneDelegate.swift in Sources */ = {isa = PBXBuildFile; fileRef = 434F222E2A50239800C9C09B /* SceneDelegate.swift */; };
		434F22362A50239900C9C09B /* Assets.xcassets in Resources */ = {isa = PBXBuildFile; fileRef = 434F22352A50239900C9C09B /* Assets.xcassets */; };
		434F22392A50239900C9C09B /* LaunchScreen.storyboard in Resources */ = {isa = PBXBuildFile; fileRef = 434F22372A50239900C9C09B /* LaunchScreen.storyboard */; };
		434F22442A50239900C9C09B /* GHFollowersTests.swift in Sources */ = {isa = PBXBuildFile; fileRef = 434F22432A50239900C9C09B /* GHFollowersTests.swift */; };
		434F224E2A50239900C9C09B /* GHFollowersUITests.swift in Sources */ = {isa = PBXBuildFile; fileRef = 434F224D2A50239900C9C09B /* GHFollowersUITests.swift */; };
		434F22502A50239900C9C09B /* GHFollowersUITestsLaunchTests.swift in Sources */ = {isa = PBXBuildFile; fileRef = 434F224F2A50239900C9C09B /* GHFollowersUITestsLaunchTests.swift */; };
		434F225D2A50282500C9C09B /* SearchVC.swift in Sources */ = {isa = PBXBuildFile; fileRef = 434F225C2A50282500C9C09B /* SearchVC.swift */; };
		434F225F2A5028A200C9C09B /* FavoritesListVC.swift in Sources */ = {isa = PBXBuildFile; fileRef = 434F225E2A5028A200C9C09B /* FavoritesListVC.swift */; };
		434F22612A507FD600C9C09B /* GFButton.swift in Sources */ = {isa = PBXBuildFile; fileRef = 434F22602A507FD600C9C09B /* GFButton.swift */; };
		434F22632A50834700C9C09B /* GFTextfield.swift in Sources */ = {isa = PBXBuildFile; fileRef = 434F22622A50834700C9C09B /* GFTextfield.swift */; };
		434F22652A5095A600C9C09B /* FollowerListVC.swift in Sources */ = {isa = PBXBuildFile; fileRef = 434F22642A5095A600C9C09B /* FollowerListVC.swift */; };
		434F22672A509E1200C9C09B /* String+Ext.swift in Sources */ = {isa = PBXBuildFile; fileRef = 434F22662A509E1200C9C09B /* String+Ext.swift */; };
		434F22692A509F2B00C9C09B /* GFTitleLabel.swift in Sources */ = {isa = PBXBuildFile; fileRef = 434F22682A509F2B00C9C09B /* GFTitleLabel.swift */; };
		434F226B2A50A1D700C9C09B /* GFBodyLabel.swift in Sources */ = {isa = PBXBuildFile; fileRef = 434F226A2A50A1D700C9C09B /* GFBodyLabel.swift */; };
		434F226D2A50A52300C9C09B /* GFAlertVC.swift in Sources */ = {isa = PBXBuildFile; fileRef = 434F226C2A50A52300C9C09B /* GFAlertVC.swift */; };
		43722C502A515C7C00D4D418 /* UIViewController+Ext.swift in Sources */ = {isa = PBXBuildFile; fileRef = 43722C4F2A515C7C00D4D418 /* UIViewController+Ext.swift */; };
/* End PBXBuildFile section */

/* Begin PBXContainerItemProxy section */
		434F22402A50239900C9C09B /* PBXContainerItemProxy */ = {
			isa = PBXContainerItemProxy;
			containerPortal = 434F22212A50239800C9C09B /* Project object */;
			proxyType = 1;
			remoteGlobalIDString = 434F22282A50239800C9C09B;
			remoteInfo = GHFollowers;
		};
		434F224A2A50239900C9C09B /* PBXContainerItemProxy */ = {
			isa = PBXContainerItemProxy;
			containerPortal = 434F22212A50239800C9C09B /* Project object */;
			proxyType = 1;
			remoteGlobalIDString = 434F22282A50239800C9C09B;
			remoteInfo = GHFollowers;
		};
/* End PBXContainerItemProxy section */

/* Begin PBXFileReference section */
		434F22292A50239800C9C09B /* GHFollowers.app */ = {isa = PBXFileReference; explicitFileType = wrapper.application; includeInIndex = 0; path = GHFollowers.app; sourceTree = BUILT_PRODUCTS_DIR; };
		434F222C2A50239800C9C09B /* AppDelegate.swift */ = {isa = PBXFileReference; lastKnownFileType = sourcecode.swift; path = AppDelegate.swift; sourceTree = "<group>"; };
		434F222E2A50239800C9C09B /* SceneDelegate.swift */ = {isa = PBXFileReference; lastKnownFileType = sourcecode.swift; path = SceneDelegate.swift; sourceTree = "<group>"; };
		434F22352A50239900C9C09B /* Assets.xcassets */ = {isa = PBXFileReference; lastKnownFileType = folder.assetcatalog; path = Assets.xcassets; sourceTree = "<group>"; };
		434F22382A50239900C9C09B /* Base */ = {isa = PBXFileReference; lastKnownFileType = file.storyboard; name = Base; path = Base.lproj/LaunchScreen.storyboard; sourceTree = "<group>"; };
		434F223A2A50239900C9C09B /* Info.plist */ = {isa = PBXFileReference; lastKnownFileType = text.plist.xml; path = Info.plist; sourceTree = "<group>"; };
		434F223F2A50239900C9C09B /* GHFollowersTests.xctest */ = {isa = PBXFileReference; explicitFileType = wrapper.cfbundle; includeInIndex = 0; path = GHFollowersTests.xctest; sourceTree = BUILT_PRODUCTS_DIR; };
		434F22432A50239900C9C09B /* GHFollowersTests.swift */ = {isa = PBXFileReference; lastKnownFileType = sourcecode.swift; path = GHFollowersTests.swift; sourceTree = "<group>"; };
		434F22492A50239900C9C09B /* GHFollowersUITests.xctest */ = {isa = PBXFileReference; explicitFileType = wrapper.cfbundle; includeInIndex = 0; path = GHFollowersUITests.xctest; sourceTree = BUILT_PRODUCTS_DIR; };
		434F224D2A50239900C9C09B /* GHFollowersUITests.swift */ = {isa = PBXFileReference; lastKnownFileType = sourcecode.swift; path = GHFollowersUITests.swift; sourceTree = "<group>"; };
		434F224F2A50239900C9C09B /* GHFollowersUITestsLaunchTests.swift */ = {isa = PBXFileReference; lastKnownFileType = sourcecode.swift; path = GHFollowersUITestsLaunchTests.swift; sourceTree = "<group>"; };
		434F225C2A50282500C9C09B /* SearchVC.swift */ = {isa = PBXFileReference; lastKnownFileType = sourcecode.swift; path = SearchVC.swift; sourceTree = "<group>"; };
		434F225E2A5028A200C9C09B /* FavoritesListVC.swift */ = {isa = PBXFileReference; lastKnownFileType = sourcecode.swift; path = FavoritesListVC.swift; sourceTree = "<group>"; };
		434F22602A507FD600C9C09B /* GFButton.swift */ = {isa = PBXFileReference; lastKnownFileType = sourcecode.swift; path = GFButton.swift; sourceTree = "<group>"; };
		434F22622A50834700C9C09B /* GFTextfield.swift */ = {isa = PBXFileReference; lastKnownFileType = sourcecode.swift; path = GFTextfield.swift; sourceTree = "<group>"; };
		434F22642A5095A600C9C09B /* FollowerListVC.swift */ = {isa = PBXFileReference; lastKnownFileType = sourcecode.swift; path = FollowerListVC.swift; sourceTree = "<group>"; };
		434F22662A509E1200C9C09B /* String+Ext.swift */ = {isa = PBXFileReference; lastKnownFileType = sourcecode.swift; path = "String+Ext.swift"; sourceTree = "<group>"; };
		434F22682A509F2B00C9C09B /* GFTitleLabel.swift */ = {isa = PBXFileReference; lastKnownFileType = sourcecode.swift; path = GFTitleLabel.swift; sourceTree = "<group>"; };
		434F226A2A50A1D700C9C09B /* GFBodyLabel.swift */ = {isa = PBXFileReference; lastKnownFileType = sourcecode.swift; path = GFBodyLabel.swift; sourceTree = "<group>"; };
		434F226C2A50A52300C9C09B /* GFAlertVC.swift */ = {isa = PBXFileReference; lastKnownFileType = sourcecode.swift; path = GFAlertVC.swift; sourceTree = "<group>"; };
		43722C4F2A515C7C00D4D418 /* UIViewController+Ext.swift */ = {isa = PBXFileReference; lastKnownFileType = sourcecode.swift; path = "UIViewController+Ext.swift"; sourceTree = "<group>"; };
/* End PBXFileReference section */

/* Begin PBXFrameworksBuildPhase section */
		434F22262A50239800C9C09B /* Frameworks */ = {
			isa = PBXFrameworksBuildPhase;
			buildActionMask = 2147483647;
			files = (
			);
			runOnlyForDeploymentPostprocessing = 0;
		};
		434F223C2A50239900C9C09B /* Frameworks */ = {
			isa = PBXFrameworksBuildPhase;
			buildActionMask = 2147483647;
			files = (
			);
			runOnlyForDeploymentPostprocessing = 0;
		};
		434F22462A50239900C9C09B /* Frameworks */ = {
			isa = PBXFrameworksBuildPhase;
			buildActionMask = 2147483647;
			files = (
			);
			runOnlyForDeploymentPostprocessing = 0;
		};
/* End PBXFrameworksBuildPhase section */

/* Begin PBXGroup section */
		434F22202A50239800C9C09B = {
			isa = PBXGroup;
			children = (
				434F222B2A50239800C9C09B /* GHFollowers */,
				434F22422A50239900C9C09B /* GHFollowersTests */,
				434F224C2A50239900C9C09B /* GHFollowersUITests */,
				434F222A2A50239800C9C09B /* Products */,
			);
			sourceTree = "<group>";
		};
		434F222A2A50239800C9C09B /* Products */ = {
			isa = PBXGroup;
			children = (
				434F22292A50239800C9C09B /* GHFollowers.app */,
				434F223F2A50239900C9C09B /* GHFollowersTests.xctest */,
				434F22492A50239900C9C09B /* GHFollowersUITests.xctest */,
			);
			name = Products;
			sourceTree = "<group>";
		};
		434F222B2A50239800C9C09B /* GHFollowers */ = {
			isa = PBXGroup;
			children = (
				434F22602A507FD600C9C09B /* GFButton.swift */,
				434F22622A50834700C9C09B /* GFTextfield.swift */,
				434F22682A509F2B00C9C09B /* GFTitleLabel.swift */,
				434F226A2A50A1D700C9C09B /* GFBodyLabel.swift */,
				434F222C2A50239800C9C09B /* AppDelegate.swift */,
				434F222E2A50239800C9C09B /* SceneDelegate.swift */,
				434F225C2A50282500C9C09B /* SearchVC.swift */,
				434F225E2A5028A200C9C09B /* FavoritesListVC.swift */,
				434F22642A5095A600C9C09B /* FollowerListVC.swift */,
				434F226C2A50A52300C9C09B /* GFAlertVC.swift */,
				434F22662A509E1200C9C09B /* String+Ext.swift */,
				434F22352A50239900C9C09B /* Assets.xcassets */,
				434F22372A50239900C9C09B /* LaunchScreen.storyboard */,
				434F223A2A50239900C9C09B /* Info.plist */,
				43722C4F2A515C7C00D4D418 /* UIViewController+Ext.swift */,
			);
			path = GHFollowers;
			sourceTree = "<group>";
		};
		434F22422A50239900C9C09B /* GHFollowersTests */ = {
			isa = PBXGroup;
			children = (
				434F22432A50239900C9C09B /* GHFollowersTests.swift */,
			);
			path = GHFollowersTests;
			sourceTree = "<group>";
		};
		434F224C2A50239900C9C09B /* GHFollowersUITests */ = {
			isa = PBXGroup;
			children = (
				434F224D2A50239900C9C09B /* GHFollowersUITests.swift */,
				434F224F2A50239900C9C09B /* GHFollowersUITestsLaunchTests.swift */,
			);
			path = GHFollowersUITests;
			sourceTree = "<group>";
		};
/* End PBXGroup section */

/* Begin PBXNativeTarget section */
		434F22282A50239800C9C09B /* GHFollowers */ = {
			isa = PBXNativeTarget;
			buildConfigurationList = 434F22532A50239900C9C09B /* Build configuration list for PBXNativeTarget "GHFollowers" */;
			buildPhases = (
				434F22252A50239800C9C09B /* Sources */,
				434F22262A50239800C9C09B /* Frameworks */,
				434F22272A50239800C9C09B /* Resources */,
			);
			buildRules = (
			);
			dependencies = (
			);
			name = GHFollowers;
			productName = GHFollowers;
			productReference = 434F22292A50239800C9C09B /* GHFollowers.app */;
			productType = "com.apple.product-type.application";
		};
		434F223E2A50239900C9C09B /* GHFollowersTests */ = {
			isa = PBXNativeTarget;
			buildConfigurationList = 434F22562A50239900C9C09B /* Build configuration list for PBXNativeTarget "GHFollowersTests" */;
			buildPhases = (
				434F223B2A50239900C9C09B /* Sources */,
				434F223C2A50239900C9C09B /* Frameworks */,
				434F223D2A50239900C9C09B /* Resources */,
			);
			buildRules = (
			);
			dependencies = (
				434F22412A50239900C9C09B /* PBXTargetDependency */,
			);
			name = GHFollowersTests;
			productName = GHFollowersTests;
			productReference = 434F223F2A50239900C9C09B /* GHFollowersTests.xctest */;
			productType = "com.apple.product-type.bundle.unit-test";
		};
		434F22482A50239900C9C09B /* GHFollowersUITests */ = {
			isa = PBXNativeTarget;
			buildConfigurationList = 434F22592A50239900C9C09B /* Build configuration list for PBXNativeTarget "GHFollowersUITests" */;
			buildPhases = (
				434F22452A50239900C9C09B /* Sources */,
				434F22462A50239900C9C09B /* Frameworks */,
				434F22472A50239900C9C09B /* Resources */,
			);
			buildRules = (
			);
			dependencies = (
				434F224B2A50239900C9C09B /* PBXTargetDependency */,
			);
			name = GHFollowersUITests;
			productName = GHFollowersUITests;
			productReference = 434F22492A50239900C9C09B /* GHFollowersUITests.xctest */;
			productType = "com.apple.product-type.bundle.ui-testing";
		};
/* End PBXNativeTarget section */

/* Begin PBXProject section */
		434F22212A50239800C9C09B /* Project object */ = {
			isa = PBXProject;
			attributes = {
				BuildIndependentTargetsInParallel = 1;
				LastSwiftUpdateCheck = 1430;
				LastUpgradeCheck = 1430;
				TargetAttributes = {
					434F22282A50239800C9C09B = {
						CreatedOnToolsVersion = 14.3.1;
					};
					434F223E2A50239900C9C09B = {
						CreatedOnToolsVersion = 14.3.1;
						TestTargetID = 434F22282A50239800C9C09B;
					};
					434F22482A50239900C9C09B = {
						CreatedOnToolsVersion = 14.3.1;
						TestTargetID = 434F22282A50239800C9C09B;
					};
				};
			};
			buildConfigurationList = 434F22242A50239800C9C09B /* Build configuration list for PBXProject "GHFollowers" */;
			compatibilityVersion = "Xcode 14.0";
			developmentRegion = en;
			hasScannedForEncodings = 0;
			knownRegions = (
				en,
				Base,
			);
			mainGroup = 434F22202A50239800C9C09B;
			productRefGroup = 434F222A2A50239800C9C09B /* Products */;
			projectDirPath = "";
			projectRoot = "";
			targets = (
				434F22282A50239800C9C09B /* GHFollowers */,
				434F223E2A50239900C9C09B /* GHFollowersTests */,
				434F22482A50239900C9C09B /* GHFollowersUITests */,
			);
		};
/* End PBXProject section */

/* Begin PBXResourcesBuildPhase section */
		434F22272A50239800C9C09B /* Resources */ = {
			isa = PBXResourcesBuildPhase;
			buildActionMask = 2147483647;
			files = (
				434F22392A50239900C9C09B /* LaunchScreen.storyboard in Resources */,
				434F22362A50239900C9C09B /* Assets.xcassets in Resources */,
			);
			runOnlyForDeploymentPostprocessing = 0;
		};
		434F223D2A50239900C9C09B /* Resources */ = {
			isa = PBXResourcesBuildPhase;
			buildActionMask = 2147483647;
			files = (
			);
			runOnlyForDeploymentPostprocessing = 0;
		};
		434F22472A50239900C9C09B /* Resources */ = {
			isa = PBXResourcesBuildPhase;
			buildActionMask = 2147483647;
			files = (
			);
			runOnlyForDeploymentPostprocessing = 0;
		};
/* End PBXResourcesBuildPhase section */

/* Begin PBXSourcesBuildPhase section */
		434F22252A50239800C9C09B /* Sources */ = {
			isa = PBXSourcesBuildPhase;
			buildActionMask = 2147483647;
			files = (
				434F22632A50834700C9C09B /* GFTextfield.swift in Sources */,
				434F225D2A50282500C9C09B /* SearchVC.swift in Sources */,
				43722C502A515C7C00D4D418 /* UIViewController+Ext.swift in Sources */,
				434F22612A507FD600C9C09B /* GFButton.swift in Sources */,
				434F225F2A5028A200C9C09B /* FavoritesListVC.swift in Sources */,
				434F22652A5095A600C9C09B /* FollowerListVC.swift in Sources */,
				434F226D2A50A52300C9C09B /* GFAlertVC.swift in Sources */,
				434F222D2A50239800C9C09B /* AppDelegate.swift in Sources */,
				434F22692A509F2B00C9C09B /* GFTitleLabel.swift in Sources */,
				434F22672A509E1200C9C09B /* String+Ext.swift in Sources */,
				434F222F2A50239800C9C09B /* SceneDelegate.swift in Sources */,
				434F226B2A50A1D700C9C09B /* GFBodyLabel.swift in Sources */,
			);
			runOnlyForDeploymentPostprocessing = 0;
		};
		434F223B2A50239900C9C09B /* Sources */ = {
			isa = PBXSourcesBuildPhase;
			buildActionMask = 2147483647;
			files = (
				434F22442A50239900C9C09B /* GHFollowersTests.swift in Sources */,
			);
			runOnlyForDeploymentPostprocessing = 0;
		};
		434F22452A50239900C9C09B /* Sources */ = {
			isa = PBXSourcesBuildPhase;
			buildActionMask = 2147483647;
			files = (
				434F224E2A50239900C9C09B /* GHFollowersUITests.swift in Sources */,
				434F22502A50239900C9C09B /* GHFollowersUITestsLaunchTests.swift in Sources */,
			);
			runOnlyForDeploymentPostprocessing = 0;
		};
/* End PBXSourcesBuildPhase section */

/* Begin PBXTargetDependency section */
		434F22412A50239900C9C09B /* PBXTargetDependency */ = {
			isa = PBXTargetDependency;
			target = 434F22282A50239800C9C09B /* GHFollowers */;
			targetProxy = 434F22402A50239900C9C09B /* PBXContainerItemProxy */;
		};
		434F224B2A50239900C9C09B /* PBXTargetDependency */ = {
			isa = PBXTargetDependency;
			target = 434F22282A50239800C9C09B /* GHFollowers */;
			targetProxy = 434F224A2A50239900C9C09B /* PBXContainerItemProxy */;
		};
/* End PBXTargetDependency section */

/* Begin PBXVariantGroup section */
		434F22372A50239900C9C09B /* LaunchScreen.storyboard */ = {
			isa = PBXVariantGroup;
			children = (
				434F22382A50239900C9C09B /* Base */,
			);
			name = LaunchScreen.storyboard;
			sourceTree = "<group>";
		};
/* End PBXVariantGroup section */

/* Begin XCBuildConfiguration section */
		434F22512A50239900C9C09B /* Debug */ = {
			isa = XCBuildConfiguration;
			buildSettings = {
				ALWAYS_SEARCH_USER_PATHS = NO;
				CLANG_ANALYZER_NONNULL = YES;
				CLANG_ANALYZER_NUMBER_OBJECT_CONVERSION = YES_AGGRESSIVE;
				CLANG_CXX_LANGUAGE_STANDARD = "gnu++20";
				CLANG_ENABLE_MODULES = YES;
				CLANG_ENABLE_OBJC_ARC = YES;
				CLANG_ENABLE_OBJC_WEAK = YES;
				CLANG_WARN_BLOCK_CAPTURE_AUTORELEASING = YES;
				CLANG_WARN_BOOL_CONVERSION = YES;
				CLANG_WARN_COMMA = YES;
				CLANG_WARN_CONSTANT_CONVERSION = YES;
				CLANG_WARN_DEPRECATED_OBJC_IMPLEMENTATIONS = YES;
				CLANG_WARN_DIRECT_OBJC_ISA_USAGE = YES_ERROR;
				CLANG_WARN_DOCUMENTATION_COMMENTS = YES;
				CLANG_WARN_EMPTY_BODY = YES;
				CLANG_WARN_ENUM_CONVERSION = YES;
				CLANG_WARN_INFINITE_RECURSION = YES;
				CLANG_WARN_INT_CONVERSION = YES;
				CLANG_WARN_NON_LITERAL_NULL_CONVERSION = YES;
				CLANG_WARN_OBJC_IMPLICIT_RETAIN_SELF = YES;
				CLANG_WARN_OBJC_LITERAL_CONVERSION = YES;
				CLANG_WARN_OBJC_ROOT_CLASS = YES_ERROR;
				CLANG_WARN_QUOTED_INCLUDE_IN_FRAMEWORK_HEADER = YES;
				CLANG_WARN_RANGE_LOOP_ANALYSIS = YES;
				CLANG_WARN_STRICT_PROTOTYPES = YES;
				CLANG_WARN_SUSPICIOUS_MOVE = YES;
				CLANG_WARN_UNGUARDED_AVAILABILITY = YES_AGGRESSIVE;
				CLANG_WARN_UNREACHABLE_CODE = YES;
				CLANG_WARN__DUPLICATE_METHOD_MATCH = YES;
				COPY_PHASE_STRIP = NO;
				DEBUG_INFORMATION_FORMAT = dwarf;
				ENABLE_STRICT_OBJC_MSGSEND = YES;
				ENABLE_TESTABILITY = YES;
				GCC_C_LANGUAGE_STANDARD = gnu11;
				GCC_DYNAMIC_NO_PIC = NO;
				GCC_NO_COMMON_BLOCKS = YES;
				GCC_OPTIMIZATION_LEVEL = 0;
				GCC_PREPROCESSOR_DEFINITIONS = (
					"DEBUG=1",
					"$(inherited)",
				);
				GCC_WARN_64_TO_32_BIT_CONVERSION = YES;
				GCC_WARN_ABOUT_RETURN_TYPE = YES_ERROR;
				GCC_WARN_UNDECLARED_SELECTOR = YES;
				GCC_WARN_UNINITIALIZED_AUTOS = YES_AGGRESSIVE;
				GCC_WARN_UNUSED_FUNCTION = YES;
				GCC_WARN_UNUSED_VARIABLE = YES;
				IPHONEOS_DEPLOYMENT_TARGET = 16.4;
				MTL_ENABLE_DEBUG_INFO = INCLUDE_SOURCE;
				MTL_FAST_MATH = YES;
				ONLY_ACTIVE_ARCH = YES;
				SDKROOT = iphoneos;
				SWIFT_ACTIVE_COMPILATION_CONDITIONS = DEBUG;
				SWIFT_OPTIMIZATION_LEVEL = "-Onone";
			};
			name = Debug;
		};
		434F22522A50239900C9C09B /* Release */ = {
			isa = XCBuildConfiguration;
			buildSettings = {
				ALWAYS_SEARCH_USER_PATHS = NO;
				CLANG_ANALYZER_NONNULL = YES;
				CLANG_ANALYZER_NUMBER_OBJECT_CONVERSION = YES_AGGRESSIVE;
				CLANG_CXX_LANGUAGE_STANDARD = "gnu++20";
				CLANG_ENABLE_MODULES = YES;
				CLANG_ENABLE_OBJC_ARC = YES;
				CLANG_ENABLE_OBJC_WEAK = YES;
				CLANG_WARN_BLOCK_CAPTURE_AUTORELEASING = YES;
				CLANG_WARN_BOOL_CONVERSION = YES;
				CLANG_WARN_COMMA = YES;
				CLANG_WARN_CONSTANT_CONVERSION = YES;
				CLANG_WARN_DEPRECATED_OBJC_IMPLEMENTATIONS = YES;
				CLANG_WARN_DIRECT_OBJC_ISA_USAGE = YES_ERROR;
				CLANG_WARN_DOCUMENTATION_COMMENTS = YES;
				CLANG_WARN_EMPTY_BODY = YES;
				CLANG_WARN_ENUM_CONVERSION = YES;
				CLANG_WARN_INFINITE_RECURSION = YES;
				CLANG_WARN_INT_CONVERSION = YES;
				CLANG_WARN_NON_LITERAL_NULL_CONVERSION = YES;
				CLANG_WARN_OBJC_IMPLICIT_RETAIN_SELF = YES;
				CLANG_WARN_OBJC_LITERAL_CONVERSION = YES;
				CLANG_WARN_OBJC_ROOT_CLASS = YES_ERROR;
				CLANG_WARN_QUOTED_INCLUDE_IN_FRAMEWORK_HEADER = YES;
				CLANG_WARN_RANGE_LOOP_ANALYSIS = YES;
				CLANG_WARN_STRICT_PROTOTYPES = YES;
				CLANG_WARN_SUSPICIOUS_MOVE = YES;
				CLANG_WARN_UNGUARDED_AVAILABILITY = YES_AGGRESSIVE;
				CLANG_WARN_UNREACHABLE_CODE = YES;
				CLANG_WARN__DUPLICATE_METHOD_MATCH = YES;
				COPY_PHASE_STRIP = NO;
				DEBUG_INFORMATION_FORMAT = "dwarf-with-dsym";
				ENABLE_NS_ASSERTIONS = NO;
				ENABLE_STRICT_OBJC_MSGSEND = YES;
				GCC_C_LANGUAGE_STANDARD = gnu11;
				GCC_NO_COMMON_BLOCKS = YES;
				GCC_WARN_64_TO_32_BIT_CONVERSION = YES;
				GCC_WARN_ABOUT_RETURN_TYPE = YES_ERROR;
				GCC_WARN_UNDECLARED_SELECTOR = YES;
				GCC_WARN_UNINITIALIZED_AUTOS = YES_AGGRESSIVE;
				GCC_WARN_UNUSED_FUNCTION = YES;
				GCC_WARN_UNUSED_VARIABLE = YES;
				IPHONEOS_DEPLOYMENT_TARGET = 16.4;
				MTL_ENABLE_DEBUG_INFO = NO;
				MTL_FAST_MATH = YES;
				SDKROOT = iphoneos;
				SWIFT_COMPILATION_MODE = wholemodule;
				SWIFT_OPTIMIZATION_LEVEL = "-O";
				VALIDATE_PRODUCT = YES;
			};
			name = Release;
		};
		434F22542A50239900C9C09B /* Debug */ = {
			isa = XCBuildConfiguration;
			buildSettings = {
				ASSETCATALOG_COMPILER_APPICON_NAME = AppIcon;
				ASSETCATALOG_COMPILER_GLOBAL_ACCENT_COLOR_NAME = AccentColor;
				CODE_SIGN_STYLE = Automatic;
				CURRENT_PROJECT_VERSION = 1;
				DEVELOPMENT_TEAM = 3M6YJP64GV;
				GENERATE_INFOPLIST_FILE = YES;
				INFOPLIST_FILE = GHFollowers/Info.plist;
				INFOPLIST_KEY_UIApplicationSupportsIndirectInputEvents = YES;
				INFOPLIST_KEY_UILaunchStoryboardName = LaunchScreen;
				INFOPLIST_KEY_UIMainStoryboardFile = "";
				INFOPLIST_KEY_UISupportedInterfaceOrientations_iPad = "UIInterfaceOrientationPortrait UIInterfaceOrientationPortraitUpsideDown UIInterfaceOrientationLandscapeLeft UIInterfaceOrientationLandscapeRight";
				INFOPLIST_KEY_UISupportedInterfaceOrientations_iPhone = "UIInterfaceOrientationPortrait UIInterfaceOrientationLandscapeLeft UIInterfaceOrientationLandscapeRight";
				LD_RUNPATH_SEARCH_PATHS = (
					"$(inherited)",
					"@executable_path/Frameworks",
				);
				MARKETING_VERSION = 1.0;
				PRODUCT_BUNDLE_IDENTIFIER = com.patriciamespert.GHFollowers;
				PRODUCT_NAME = "$(TARGET_NAME)";
				SWIFT_EMIT_LOC_STRINGS = YES;
				SWIFT_VERSION = 5.0;
				TARGETED_DEVICE_FAMILY = "1,2";
			};
			name = Debug;
		};
		434F22552A50239900C9C09B /* Release */ = {
			isa = XCBuildConfiguration;
			buildSettings = {
				ASSETCATALOG_COMPILER_APPICON_NAME = AppIcon;
				ASSETCATALOG_COMPILER_GLOBAL_ACCENT_COLOR_NAME = AccentColor;
				CODE_SIGN_STYLE = Automatic;
				CURRENT_PROJECT_VERSION = 1;
				DEVELOPMENT_TEAM = 3M6YJP64GV;
				GENERATE_INFOPLIST_FILE = YES;
				INFOPLIST_FILE = GHFollowers/Info.plist;
				INFOPLIST_KEY_UIApplicationSupportsIndirectInputEvents = YES;
				INFOPLIST_KEY_UILaunchStoryboardName = LaunchScreen;
				INFOPLIST_KEY_UIMainStoryboardFile = "";
				INFOPLIST_KEY_UISupportedInterfaceOrientations_iPad = "UIInterfaceOrientationPortrait UIInterfaceOrientationPortraitUpsideDown UIInterfaceOrientationLandscapeLeft UIInterfaceOrientationLandscapeRight";
				INFOPLIST_KEY_UISupportedInterfaceOrientations_iPhone = "UIInterfaceOrientationPortrait UIInterfaceOrientationLandscapeLeft UIInterfaceOrientationLandscapeRight";
				LD_RUNPATH_SEARCH_PATHS = (
					"$(inherited)",
					"@executable_path/Frameworks",
				);
				MARKETING_VERSION = 1.0;
				PRODUCT_BUNDLE_IDENTIFIER = com.patriciamespert.GHFollowers;
				PRODUCT_NAME = "$(TARGET_NAME)";
				SWIFT_EMIT_LOC_STRINGS = YES;
				SWIFT_VERSION = 5.0;
				TARGETED_DEVICE_FAMILY = "1,2";
			};
			name = Release;
		};
		434F22572A50239900C9C09B /* Debug */ = {
			isa = XCBuildConfiguration;
			buildSettings = {
				ALWAYS_EMBED_SWIFT_STANDARD_LIBRARIES = YES;
				BUNDLE_LOADER = "$(TEST_HOST)";
				CODE_SIGN_STYLE = Automatic;
				CURRENT_PROJECT_VERSION = 1;
				DEVELOPMENT_TEAM = 3M6YJP64GV;
				GENERATE_INFOPLIST_FILE = YES;
				IPHONEOS_DEPLOYMENT_TARGET = 16.4;
				MARKETING_VERSION = 1.0;
				PRODUCT_BUNDLE_IDENTIFIER = com.patriciamespert.GHFollowersTests;
				PRODUCT_NAME = "$(TARGET_NAME)";
				SWIFT_EMIT_LOC_STRINGS = NO;
				SWIFT_VERSION = 5.0;
				TARGETED_DEVICE_FAMILY = "1,2";
				TEST_HOST = "$(BUILT_PRODUCTS_DIR)/GHFollowers.app/$(BUNDLE_EXECUTABLE_FOLDER_PATH)/GHFollowers";
			};
			name = Debug;
		};
		434F22582A50239900C9C09B /* Release */ = {
			isa = XCBuildConfiguration;
			buildSettings = {
				ALWAYS_EMBED_SWIFT_STANDARD_LIBRARIES = YES;
				BUNDLE_LOADER = "$(TEST_HOST)";
				CODE_SIGN_STYLE = Automatic;
				CURRENT_PROJECT_VERSION = 1;
				DEVELOPMENT_TEAM = 3M6YJP64GV;
				GENERATE_INFOPLIST_FILE = YES;
				IPHONEOS_DEPLOYMENT_TARGET = 16.4;
				MARKETING_VERSION = 1.0;
				PRODUCT_BUNDLE_IDENTIFIER = com.patriciamespert.GHFollowersTests;
				PRODUCT_NAME = "$(TARGET_NAME)";
				SWIFT_EMIT_LOC_STRINGS = NO;
				SWIFT_VERSION = 5.0;
				TARGETED_DEVICE_FAMILY = "1,2";
				TEST_HOST = "$(BUILT_PRODUCTS_DIR)/GHFollowers.app/$(BUNDLE_EXECUTABLE_FOLDER_PATH)/GHFollowers";
			};
			name = Release;
		};
		434F225A2A50239900C9C09B /* Debug */ = {
			isa = XCBuildConfiguration;
			buildSettings = {
				ALWAYS_EMBED_SWIFT_STANDARD_LIBRARIES = YES;
				CODE_SIGN_STYLE = Automatic;
				CURRENT_PROJECT_VERSION = 1;
				DEVELOPMENT_TEAM = 3M6YJP64GV;
				GENERATE_INFOPLIST_FILE = YES;
				MARKETING_VERSION = 1.0;
				PRODUCT_BUNDLE_IDENTIFIER = com.patriciamespert.GHFollowersUITests;
				PRODUCT_NAME = "$(TARGET_NAME)";
				SWIFT_EMIT_LOC_STRINGS = NO;
				SWIFT_VERSION = 5.0;
				TARGETED_DEVICE_FAMILY = "1,2";
				TEST_TARGET_NAME = GHFollowers;
			};
			name = Debug;
		};
		434F225B2A50239900C9C09B /* Release */ = {
			isa = XCBuildConfiguration;
			buildSettings = {
				ALWAYS_EMBED_SWIFT_STANDARD_LIBRARIES = YES;
				CODE_SIGN_STYLE = Automatic;
				CURRENT_PROJECT_VERSION = 1;
				DEVELOPMENT_TEAM = 3M6YJP64GV;
				GENERATE_INFOPLIST_FILE = YES;
				MARKETING_VERSION = 1.0;
				PRODUCT_BUNDLE_IDENTIFIER = com.patriciamespert.GHFollowersUITests;
				PRODUCT_NAME = "$(TARGET_NAME)";
				SWIFT_EMIT_LOC_STRINGS = NO;
				SWIFT_VERSION = 5.0;
				TARGETED_DEVICE_FAMILY = "1,2";
				TEST_TARGET_NAME = GHFollowers;
			};
			name = Release;
		};
/* End XCBuildConfiguration section */

/* Begin XCConfigurationList section */
		434F22242A50239800C9C09B /* Build configuration list for PBXProject "GHFollowers" */ = {
			isa = XCConfigurationList;
			buildConfigurations = (
				434F22512A50239900C9C09B /* Debug */,
				434F22522A50239900C9C09B /* Release */,
			);
			defaultConfigurationIsVisible = 0;
			defaultConfigurationName = Release;
		};
		434F22532A50239900C9C09B /* Build configuration list for PBXNativeTarget "GHFollowers" */ = {
			isa = XCConfigurationList;
			buildConfigurations = (
				434F22542A50239900C9C09B /* Debug */,
				434F22552A50239900C9C09B /* Release */,
			);
			defaultConfigurationIsVisible = 0;
			defaultConfigurationName = Release;
		};
		434F22562A50239900C9C09B /* Build configuration list for PBXNativeTarget "GHFollowersTests" */ = {
			isa = XCConfigurationList;
			buildConfigurations = (
				434F22572A50239900C9C09B /* Debug */,
				434F22582A50239900C9C09B /* Release */,
			);
			defaultConfigurationIsVisible = 0;
			defaultConfigurationName = Release;
		};
		434F22592A50239900C9C09B /* Build configuration list for PBXNativeTarget "GHFollowersUITests" */ = {
			isa = XCConfigurationList;
			buildConfigurations = (
				434F225A2A50239900C9C09B /* Debug */,
				434F225B2A50239900C9C09B /* Release */,
			);
			defaultConfigurationIsVisible = 0;
			defaultConfigurationName = Release;
		};
/* End XCConfigurationList section */
	};
	rootObject = 434F22212A50239800C9C09B /* Project object */;
}
